
Microsoft Visual Studio Solution File, Format Version 12.00
Project("{2150E333-8FDC-42A3-9474-1A3956D46DE8}") = "src", "src", "{4697CFC5-DAA8-42B9-98B7-CE90C83576F2}"
EndProject
Project("{2150E333-8FDC-42A3-9474-1A3956D46DE8}") = "tests", "tests", "{6C247A80-B6ED-4A0E-B6B3-1C5667CFAB5D}"
EndProject
Project("{2150E333-8FDC-42A3-9474-1A3956D46DE8}") = "common", "common", "{68076C7E-9C3E-44F4-9224-5B8588073496}"
ProjectSection(SolutionItems) = preProject
	README.md = README.md
	.editorconfig = .editorconfig
	.gitignore = .gitignore
	Dockerfile = Dockerfile
	MerchApi_Bounded_Context_Canvas.drawio = MerchApi_Bounded_Context_Canvas.drawio
	MerchApi_Bounded_Context_Canvas.png = MerchApi_Bounded_Context_Canvas.png
EndProjectSection
EndProject
Project("{FAE04EC0-301F-11D3-BF4B-00C04F79EFBC}") = "OzonEdu.MerchApi", "src\OzonEdu.MerchApi\OzonEdu.MerchApi.csproj", "{6A4516AF-8367-46E5-AB03-294779A0337B}"
EndProject
Project("{2150E333-8FDC-42A3-9474-1A3956D46DE8}") = "deploy", "deploy", "{F02FE304-543F-4E08-94AD-22DF4BEE62B1}"
ProjectSection(SolutionItems) = preProject
	deploy\docker-compose.yml = deploy\docker-compose.yml
EndProjectSection
EndProject
Project("{FAE04EC0-301F-11D3-BF4B-00C04F79EFBC}") = "OzonEdu.MerchApi.HttpModels", "src\OzonEdu.MerchApi.HttpModels\OzonEdu.MerchApi.HttpModels.csproj", "{666376CD-44DC-4082-B82F-1C1EE0A8E654}"
EndProject
Project("{FAE04EC0-301F-11D3-BF4B-00C04F79EFBC}") = "OzonEdu.MerchApi.HttpClient", "src\OzonEdu.MerchApi.HttpClient\OzonEdu.MerchApi.HttpClient.csproj", "{6DE24554-279F-4D2E-A62F-1FE351C3A898}"
EndProject
Project("{FAE04EC0-301F-11D3-BF4B-00C04F79EFBC}") = "OzonEdu.MerchApi.Grpc", "src\OzonEdu.MerchApi.Grpc\OzonEdu.MerchApi.Grpc.csproj", "{214EF9D3-A385-4C67-A9C9-2D401AC0A1EC}"
EndProject
Project("{FAE04EC0-301F-11D3-BF4B-00C04F79EFBC}") = "OzonEdu.MerchApi.Infrastructure", "src\OzonEdu.MerchApi.Infrastructure\OzonEdu.MerchApi.Infrastructure.csproj", "{0B3B3E3E-D5B2-4F86-ABA7-41D8DBDBC3AB}"
EndProject
Project("{FAE04EC0-301F-11D3-BF4B-00C04F79EFBC}") = "OzonEdu.MerchApi.Domain", "src\OzonEdu.MerchApi.Domain\OzonEdu.MerchApi.Domain.csproj", "{A4DDA824-A43A-4313-8852-1EA637F8ABF5}"
EndProject
Project("{FAE04EC0-301F-11D3-BF4B-00C04F79EFBC}") = "OzonEdu.MerchApi.Tests", "tests\OzonEdu.MerchApi.Tests\OzonEdu.MerchApi.Tests.csproj", "{92A7F09E-EF0B-4664-AF72-C953A0A9E7F5}"
EndProject
Project("{FAE04EC0-301F-11D3-BF4B-00C04F79EFBC}") = "OzonEdu.MerchApi.Migrator", "src\OzonEdu.MerchApi.Migrator\OzonEdu.MerchApi.Migrator.csproj", "{1918574A-66F5-4840-9DFA-862898A3689A}"
EndProject
Global
	GlobalSection(SolutionConfigurationPlatforms) = preSolution
		Debug|Any CPU = Debug|Any CPU
		Release|Any CPU = Release|Any CPU
	EndGlobalSection
	GlobalSection(NestedProjects) = preSolution
		{6A4516AF-8367-46E5-AB03-294779A0337B} = {4697CFC5-DAA8-42B9-98B7-CE90C83576F2}
		{666376CD-44DC-4082-B82F-1C1EE0A8E654} = {4697CFC5-DAA8-42B9-98B7-CE90C83576F2}
		{6DE24554-279F-4D2E-A62F-1FE351C3A898} = {4697CFC5-DAA8-42B9-98B7-CE90C83576F2}
		{214EF9D3-A385-4C67-A9C9-2D401AC0A1EC} = {4697CFC5-DAA8-42B9-98B7-CE90C83576F2}
		{0B3B3E3E-D5B2-4F86-ABA7-41D8DBDBC3AB} = {4697CFC5-DAA8-42B9-98B7-CE90C83576F2}
		{A4DDA824-A43A-4313-8852-1EA637F8ABF5} = {4697CFC5-DAA8-42B9-98B7-CE90C83576F2}
		{92A7F09E-EF0B-4664-AF72-C953A0A9E7F5} = {6C247A80-B6ED-4A0E-B6B3-1C5667CFAB5D}
		{1918574A-66F5-4840-9DFA-862898A3689A} = {4697CFC5-DAA8-42B9-98B7-CE90C83576F2}
	EndGlobalSection
	GlobalSection(ProjectConfigurationPlatforms) = postSolution
		{6A4516AF-8367-46E5-AB03-294779A0337B}.Debug|Any CPU.ActiveCfg = Debug|Any CPU
		{6A4516AF-8367-46E5-AB03-294779A0337B}.Debug|Any CPU.Build.0 = Debug|Any CPU
		{6A4516AF-8367-46E5-AB03-294779A0337B}.Release|Any CPU.ActiveCfg = Release|Any CPU
		{6A4516AF-8367-46E5-AB03-294779A0337B}.Release|Any CPU.Build.0 = Release|Any CPU
		{666376CD-44DC-4082-B82F-1C1EE0A8E654}.Debug|Any CPU.ActiveCfg = Debug|Any CPU
		{666376CD-44DC-4082-B82F-1C1EE0A8E654}.Debug|Any CPU.Build.0 = Debug|Any CPU
		{666376CD-44DC-4082-B82F-1C1EE0A8E654}.Release|Any CPU.ActiveCfg = Release|Any CPU
		{666376CD-44DC-4082-B82F-1C1EE0A8E654}.Release|Any CPU.Build.0 = Release|Any CPU
		{6DE24554-279F-4D2E-A62F-1FE351C3A898}.Debug|Any CPU.ActiveCfg = Debug|Any CPU
		{6DE24554-279F-4D2E-A62F-1FE351C3A898}.Debug|Any CPU.Build.0 = Debug|Any CPU
		{6DE24554-279F-4D2E-A62F-1FE351C3A898}.Release|Any CPU.ActiveCfg = Release|Any CPU
		{6DE24554-279F-4D2E-A62F-1FE351C3A898}.Release|Any CPU.Build.0 = Release|Any CPU
		{214EF9D3-A385-4C67-A9C9-2D401AC0A1EC}.Debug|Any CPU.ActiveCfg = Debug|Any CPU
		{214EF9D3-A385-4C67-A9C9-2D401AC0A1EC}.Debug|Any CPU.Build.0 = Debug|Any CPU
		{214EF9D3-A385-4C67-A9C9-2D401AC0A1EC}.Release|Any CPU.ActiveCfg = Release|Any CPU
		{214EF9D3-A385-4C67-A9C9-2D401AC0A1EC}.Release|Any CPU.Build.0 = Release|Any CPU
		{0B3B3E3E-D5B2-4F86-ABA7-41D8DBDBC3AB}.Debug|Any CPU.ActiveCfg = Debug|Any CPU
		{0B3B3E3E-D5B2-4F86-ABA7-41D8DBDBC3AB}.Debug|Any CPU.Build.0 = Debug|Any CPU
		{0B3B3E3E-D5B2-4F86-ABA7-41D8DBDBC3AB}.Release|Any CPU.ActiveCfg = Release|Any CPU
		{0B3B3E3E-D5B2-4F86-ABA7-41D8DBDBC3AB}.Release|Any CPU.Build.0 = Release|Any CPU
		{A4DDA824-A43A-4313-8852-1EA637F8ABF5}.Debug|Any CPU.ActiveCfg = Debug|Any CPU
		{A4DDA824-A43A-4313-8852-1EA637F8ABF5}.Debug|Any CPU.Build.0 = Debug|Any CPU
		{A4DDA824-A43A-4313-8852-1EA637F8ABF5}.Release|Any CPU.ActiveCfg = Release|Any CPU
		{A4DDA824-A43A-4313-8852-1EA637F8ABF5}.Release|Any CPU.Build.0 = Release|Any CPU
		{92A7F09E-EF0B-4664-AF72-C953A0A9E7F5}.Debug|Any CPU.ActiveCfg = Debug|Any CPU
		{92A7F09E-EF0B-4664-AF72-C953A0A9E7F5}.Debug|Any CPU.Build.0 = Debug|Any CPU
		{92A7F09E-EF0B-4664-AF72-C953A0A9E7F5}.Release|Any CPU.ActiveCfg = Release|Any CPU
		{92A7F09E-EF0B-4664-AF72-C953A0A9E7F5}.Release|Any CPU.Build.0 = Release|Any CPU
		{1918574A-66F5-4840-9DFA-862898A3689A}.Debug|Any CPU.ActiveCfg = Debug|Any CPU
		{1918574A-66F5-4840-9DFA-862898A3689A}.Debug|Any CPU.Build.0 = Debug|Any CPU
		{1918574A-66F5-4840-9DFA-862898A3689A}.Release|Any CPU.ActiveCfg = Release|Any CPU
		{1918574A-66F5-4840-9DFA-862898A3689A}.Release|Any CPU.Build.0 = Release|Any CPU
	EndGlobalSection
EndGlobal
